
Microsoft Visual Studio Solution File, Format Version 12.00
# Visual Studio Version 17
VisualStudioVersion = 17.9.34622.214
MinimumVisualStudioVersion = 10.0.40219.1
Project("{FAE04EC0-301F-11D3-BF4B-00C04F79EFBC}") = "Mochila42", "Mochila42.csproj", "{6CCF7298-E7C8-46AA-8DA2-0F303D9F184C}"
EndProject
Global
	GlobalSection(SolutionConfigurationPlatforms) = preSolution
		Debug|Any CPU = Debug|Any CPU
		Release|Any CPU = Release|Any CPU
	EndGlobalSection
	GlobalSection(ProjectConfigurationPlatforms) = postSolution
		{6CCF7298-E7C8-46AA-8DA2-0F303D9F184C}.Debug|Any CPU.ActiveCfg = Debug|Any CPU
		{6CCF7298-E7C8-46AA-8DA2-0F303D9F184C}.Debug|Any CPU.Build.0 = Debug|Any CPU
		{6CCF7298-E7C8-46AA-8DA2-0F303D9F184C}.Release|Any CPU.ActiveCfg = Release|Any CPU
		{6CCF7298-E7C8-46AA-8DA2-0F303D9F184C}.Release|Any CPU.Build.0 = Release|Any CPU
	EndGlobalSection
	GlobalSection(SolutionProperties) = preSolution
		HideSolutionNode = FALSE
	EndGlobalSection
	GlobalSection(ExtensibilityGlobals) = postSolution
		SolutionGuid = {DF787039-5751-47CF-A0CD-535636CF9B38}
	EndGlobalSection
EndGlobal
